// !$*UTF8*$!
{
	archiveVersion = 1;
	classes = {
	};
	objectVersion = 50;
	objects = {

/* Begin PBXBuildFile section */
		E8352315253B54C700B0969A /* 02aCompressor.c in Sources */ = {isa = PBXBuildFile; fileRef = E8352314253B54C700B0969A /* 02aCompressor.c */; };
		E8352319253B54DC00B0969A /* 02bPolyShaftWork.c in Sources */ = {isa = PBXBuildFile; fileRef = E8352318253B54DC00B0969A /* 02bPolyShaftWork.c */; };
		E835231D253B54F100B0969A /* 02cOpenFirstLaw.c in Sources */ = {isa = PBXBuildFile; fileRef = E835231C253B54F100B0969A /* 02cOpenFirstLaw.c */; };
		E8664D89252DE45B00022E45 /* 01eAdiabatic.c in Sources */ = {isa = PBXBuildFile; fileRef = E8664D88252DE45B00022E45 /* 01eAdiabatic.c */; };
		E8B15541251BEA9500808CE9 /* main.c in Sources */ = {isa = PBXBuildFile; fileRef = E8FEA64224ECDBE1003F9D5E /* main.c */; };
		E8B15543251BEAB500808CE9 /* Year1.c in Sources */ = {isa = PBXBuildFile; fileRef = E8FEA64124ECDBE0003F9D5E /* Year1.c */; };
		E8B15545251BEABE00808CE9 /* Year2.c in Sources */ = {isa = PBXBuildFile; fileRef = E8FEA62124ECDBE0003F9D5E /* Year2.c */; };
		E8B15547251BEAC400808CE9 /* Year3.c in Sources */ = {isa = PBXBuildFile; fileRef = E8FEA61624ECDBE0003F9D5E /* Year3.c */; };
		E8B15549251BEACA00808CE9 /* Year4.c in Sources */ = {isa = PBXBuildFile; fileRef = E8FEA60E24ECDBE0003F9D5E /* Year4.c */; };
		E8B1554B251BEACF00808CE9 /* IdealGasLaw.c in Sources */ = {isa = PBXBuildFile; fileRef = E8FEA60A24ECDBE0003F9D5E /* IdealGasLaw.c */; };
		E8B1554D251BEAD800808CE9 /* 01aFluComp.c in Sources */ = {isa = PBXBuildFile; fileRef = E81002A624F553DE00E68A00 /* 01aFluComp.c */; };
		E8B1554F251BEADE00808CE9 /* 01bFluidVHyd.c in Sources */ = {isa = PBXBuildFile; fileRef = E8304A1324FBB1F800D2B93B /* 01bFluidVHyd.c */; };
		E8B15551251BEAE200808CE9 /* 01cMano.c in Sources */ = {isa = PBXBuildFile; fileRef = E8304A1624FBB6AC00D2B93B /* 01cMano.c */; };
		E8B15553251BEAE700808CE9 /* 01dSurfTens.c in Sources */ = {isa = PBXBuildFile; fileRef = E8B8519E250E418500B72538 /* 01dSurfTens.c */; };
		E8B15555251BEAEC00808CE9 /* 01eBubPres.c in Sources */ = {isa = PBXBuildFile; fileRef = E8B851A1250E4C7100B72538 /* 01eBubPres.c */; };
		E8B15557251BEAF000808CE9 /* 01fCapp.c in Sources */ = {isa = PBXBuildFile; fileRef = E8B851A4250E51CC00B72538 /* 01fCapp.c */; };
		E8B15559251BEAF500808CE9 /* 02aMassCon.c in Sources */ = {isa = PBXBuildFile; fileRef = E8B851A7250E609B00B72538 /* 02aMassCon.c */; };
		E8B1555B251BEAFB00808CE9 /* 02bEnerCon.c in Sources */ = {isa = PBXBuildFile; fileRef = E8B851AA250FA11C00B72538 /* 02bEnerCon.c */; };
		E8B1555D251BEB0300808CE9 /* 02cBernEqn.c in Sources */ = {isa = PBXBuildFile; fileRef = E8B851AD250FAA8000B72538 /* 02cBernEqn.c */; };
		E8B1555F251BEB0900808CE9 /* 02dReyNo.c in Sources */ = {isa = PBXBuildFile; fileRef = E8B851B0250FB53400B72538 /* 02dReyNo.c */; };
		E8B15561251BEB1700808CE9 /* 02fViscCorr.c in Sources */ = {isa = PBXBuildFile; fileRef = E8B851B3250FBC0900B72538 /* 02fViscCorr.c */; };
		E8B15563251BEB1D00808CE9 /* 02g0VelProfileMenu.c in Sources */ = {isa = PBXBuildFile; fileRef = E806F9E12518E14C003F3E78 /* 02g0VelProfileMenu.c */; };
		E8B15565251BEB2300808CE9 /* 02g1LamVelPro.c in Sources */ = {isa = PBXBuildFile; fileRef = E806F9E52518E39B003F3E78 /* 02g1LamVelPro.c */; };
		E8B15567251BEB2900808CE9 /* 02g2TurVelPro.c in Sources */ = {isa = PBXBuildFile; fileRef = E806F9EB251902C7003F3E78 /* 02g2TurVelPro.c */; };
		E8B15569251BEB2E00808CE9 /* 02hHagPois.c in Sources */ = {isa = PBXBuildFile; fileRef = E806F9EF251914A4003F3E78 /* 02hHagPois.c */; };
		E8B1556B251BEB3800808CE9 /* 03cHydrDiam.c in Sources */ = {isa = PBXBuildFile; fileRef = E8B15517251BB71400808CE9 /* 03cHydrDiam.c */; };
		E8B1556D251BEB3E00808CE9 /* 03d1Fittings.c in Sources */ = {isa = PBXBuildFile; fileRef = E8B1551B251BBC5600808CE9 /* 03d1Fittings.c */; };
		E8B1556F251BEB4400808CE9 /* 03dbthreeK.c in Sources */ = {isa = PBXBuildFile; fileRef = E8B15525251BC0CE00808CE9 /* 03dbthreeK.c */; };
		E8B15571251BEB4B00808CE9 /* 03dcEquivLeng.c in Sources */ = {isa = PBXBuildFile; fileRef = E8B15529251BC7E400808CE9 /* 03dcEquivLeng.c */; };
		E8B15573251BEB5100808CE9 /* 03ePitot.c in Sources */ = {isa = PBXBuildFile; fileRef = E8B1552D251BCD3000808CE9 /* 03ePitot.c */; };
		E8B15575251BEB5700808CE9 /* 03fOrifice.c in Sources */ = {isa = PBXBuildFile; fileRef = E8B15531251BD35600808CE9 /* 03fOrifice.c */; };
		E8B15577251BEB5D00808CE9 /* 03gRotameter.c in Sources */ = {isa = PBXBuildFile; fileRef = E8B15535251BDB0400808CE9 /* 03gRotameter.c */; };
		E8B15579251BEB6700808CE9 /* 04bPumpSizing.c in Sources */ = {isa = PBXBuildFile; fileRef = E8B15539251BE02800808CE9 /* 04bPumpSizing.c */; };
		E8B15583251BEBA000808CE9 /* B48BC.c in Sources */ = {isa = PBXBuildFile; fileRef = E8FEA62924ECDBE0003F9D5E /* B48BC.c */; };
		E8B15585251BEBA900808CE9 /* B48BB.c in Sources */ = {isa = PBXBuildFile; fileRef = E8FEA65524ED6802003F9D5E /* B48BB.c */; };
		E8B2ED82253084AB00AA3C54 /* 03aFrictFactor.c in Sources */ = {isa = PBXBuildFile; fileRef = E8B2ED81253084AB00AA3C54 /* 03aFrictFactor.c */; };
		E8B667552530C1E200D1ADB8 /* 03bGenPressureLoss.c in Sources */ = {isa = PBXBuildFile; fileRef = E8B667542530C1E200D1ADB8 /* 03bGenPressureLoss.c */; };
		E8B6675A2530D29000D1ADB8 /* 03daoneK.c in Sources */ = {isa = PBXBuildFile; fileRef = E8B667592530D29000D1ADB8 /* 03daoneK.c */; };
		E8C4342D252F713C00662F7C /* 01aPolytropic.c in Sources */ = {isa = PBXBuildFile; fileRef = E8C4342C252F713C00662F7C /* 01aPolytropic.c */; };
		E8C43432252F926700662F7C /* 01bIsothermal.c in Sources */ = {isa = PBXBuildFile; fileRef = E8C43431252F926700662F7C /* 01bIsothermal.c */; };
		E8C43437252FA10900662F7C /* 01cIsobaric.c in Sources */ = {isa = PBXBuildFile; fileRef = E8C43436252FA10900662F7C /* 01cIsobaric.c */; };
		E8C4343C252FAE1500662F7C /* 01dIsochoric.c in Sources */ = {isa = PBXBuildFile; fileRef = E8C4343B252FAE1500662F7C /* 01dIsochoric.c */; };
/* End PBXBuildFile section */

/* Begin PBXCopyFilesBuildPhase section */
		E8FEA5FB24ECDAE9003F9D5E /* CopyFiles */ = {
			isa = PBXCopyFilesBuildPhase;
			buildActionMask = 2147483647;
			dstPath = /usr/share/man/man1/;
			dstSubfolderSpec = 0;
			files = (
			);
			runOnlyForDeploymentPostprocessing = 1;
		};
/* End PBXCopyFilesBuildPhase section */

/* Begin PBXFileReference section */
		E806F9E12518E14C003F3E78 /* 02g0VelProfileMenu.c */ = {isa = PBXFileReference; lastKnownFileType = sourcecode.c.c; path = 02g0VelProfileMenu.c; sourceTree = "<group>"; };
		E806F9E42518E39B003F3E78 /* 02g1LamVelPro.h */ = {isa = PBXFileReference; lastKnownFileType = sourcecode.c.h; path = 02g1LamVelPro.h; sourceTree = "<group>"; };
		E806F9E52518E39B003F3E78 /* 02g1LamVelPro.c */ = {isa = PBXFileReference; lastKnownFileType = sourcecode.c.c; path = 02g1LamVelPro.c; sourceTree = "<group>"; };
		E806F9EA251902C7003F3E78 /* 02g2TurVelPro.h */ = {isa = PBXFileReference; lastKnownFileType = sourcecode.c.h; path = 02g2TurVelPro.h; sourceTree = "<group>"; };
		E806F9EB251902C7003F3E78 /* 02g2TurVelPro.c */ = {isa = PBXFileReference; lastKnownFileType = sourcecode.c.c; path = 02g2TurVelPro.c; sourceTree = "<group>"; };
		E806F9EE251914A4003F3E78 /* 02hHagPois.h */ = {isa = PBXFileReference; lastKnownFileType = sourcecode.c.h; path = 02hHagPois.h; sourceTree = "<group>"; };
		E806F9EF251914A4003F3E78 /* 02hHagPois.c */ = {isa = PBXFileReference; lastKnownFileType = sourcecode.c.c; path = 02hHagPois.c; sourceTree = "<group>"; };
		E81002A524F553DD00E68A00 /* 01aFluComp.h */ = {isa = PBXFileReference; lastKnownFileType = sourcecode.c.h; path = 01aFluComp.h; sourceTree = "<group>"; };
		E81002A624F553DE00E68A00 /* 01aFluComp.c */ = {isa = PBXFileReference; lastKnownFileType = sourcecode.c.c; path = 01aFluComp.c; sourceTree = "<group>"; };
		E8304A1224FBB1F800D2B93B /* 01bFluidVHyd.h */ = {isa = PBXFileReference; lastKnownFileType = sourcecode.c.h; path = 01bFluidVHyd.h; sourceTree = "<group>"; };
		E8304A1324FBB1F800D2B93B /* 01bFluidVHyd.c */ = {isa = PBXFileReference; lastKnownFileType = sourcecode.c.c; path = 01bFluidVHyd.c; sourceTree = "<group>"; };
		E8304A1524FBB6AC00D2B93B /* 01cMano.h */ = {isa = PBXFileReference; lastKnownFileType = sourcecode.c.h; path = 01cMano.h; sourceTree = "<group>"; };
		E8304A1624FBB6AC00D2B93B /* 01cMano.c */ = {isa = PBXFileReference; lastKnownFileType = sourcecode.c.c; path = 01cMano.c; sourceTree = "<group>"; };
		E8352311253B452A00B0969A /* B48BC_T2.h */ = {isa = PBXFileReference; lastKnownFileType = sourcecode.c.h; path = B48BC_T2.h; sourceTree = "<group>"; };
		E8352313253B54C700B0969A /* 02aCompressor.h */ = {isa = PBXFileReference; lastKnownFileType = sourcecode.c.h; path = 02aCompressor.h; sourceTree = "<group>"; };
		E8352314253B54C700B0969A /* 02aCompressor.c */ = {isa = PBXFileReference; lastKnownFileType = sourcecode.c.c; path = 02aCompressor.c; sourceTree = "<group>"; };
		E8352317253B54DC00B0969A /* 02bPolyShaftWork.h */ = {isa = PBXFileReference; lastKnownFileType = sourcecode.c.h; path = 02bPolyShaftWork.h; sourceTree = "<group>"; };
		E8352318253B54DC00B0969A /* 02bPolyShaftWork.c */ = {isa = PBXFileReference; lastKnownFileType = sourcecode.c.c; path = 02bPolyShaftWork.c; sourceTree = "<group>"; };
		E835231B253B54F100B0969A /* 02cOpenFirstLaw.h */ = {isa = PBXFileReference; lastKnownFileType = sourcecode.c.h; path = 02cOpenFirstLaw.h; sourceTree = "<group>"; };
		E835231C253B54F100B0969A /* 02cOpenFirstLaw.c */ = {isa = PBXFileReference; lastKnownFileType = sourcecode.c.c; path = 02cOpenFirstLaw.c; sourceTree = "<group>"; };
		E8664D87252DE45B00022E45 /* 01eAdiabatic.h */ = {isa = PBXFileReference; lastKnownFileType = sourcecode.c.h; path = 01eAdiabatic.h; sourceTree = "<group>"; };
		E8664D88252DE45B00022E45 /* 01eAdiabatic.c */ = {isa = PBXFileReference; lastKnownFileType = sourcecode.c.c; path = 01eAdiabatic.c; sourceTree = "<group>"; };
		E88C639F2535EFF500DA6722 /* 02g0VelProfileMenu.h */ = {isa = PBXFileReference; fileEncoding = 4; lastKnownFileType = sourcecode.c.h; path = 02g0VelProfileMenu.h; sourceTree = "<group>"; };
		E8B15516251BB71400808CE9 /* 03cHydrDiam.h */ = {isa = PBXFileReference; lastKnownFileType = sourcecode.c.h; path = 03cHydrDiam.h; sourceTree = "<group>"; };
		E8B15517251BB71400808CE9 /* 03cHydrDiam.c */ = {isa = PBXFileReference; lastKnownFileType = sourcecode.c.c; path = 03cHydrDiam.c; sourceTree = "<group>"; };
		E8B1551B251BBC5600808CE9 /* 03d1Fittings.c */ = {isa = PBXFileReference; lastKnownFileType = sourcecode.c.c; path = 03d1Fittings.c; sourceTree = "<group>"; };
		E8B15524251BC0CE00808CE9 /* 03dbthreeK.h */ = {isa = PBXFileReference; lastKnownFileType = sourcecode.c.h; path = 03dbthreeK.h; sourceTree = "<group>"; };
		E8B15525251BC0CE00808CE9 /* 03dbthreeK.c */ = {isa = PBXFileReference; lastKnownFileType = sourcecode.c.c; path = 03dbthreeK.c; sourceTree = "<group>"; };
		E8B15528251BC7E400808CE9 /* 03dcEquivLeng.h */ = {isa = PBXFileReference; lastKnownFileType = sourcecode.c.h; path = 03dcEquivLeng.h; sourceTree = "<group>"; };
		E8B15529251BC7E400808CE9 /* 03dcEquivLeng.c */ = {isa = PBXFileReference; lastKnownFileType = sourcecode.c.c; path = 03dcEquivLeng.c; sourceTree = "<group>"; };
		E8B1552C251BCD3000808CE9 /* 03ePitot.h */ = {isa = PBXFileReference; lastKnownFileType = sourcecode.c.h; path = 03ePitot.h; sourceTree = "<group>"; };
		E8B1552D251BCD3000808CE9 /* 03ePitot.c */ = {isa = PBXFileReference; lastKnownFileType = sourcecode.c.c; path = 03ePitot.c; sourceTree = "<group>"; };
		E8B15530251BD35600808CE9 /* 03fOrifice.h */ = {isa = PBXFileReference; lastKnownFileType = sourcecode.c.h; path = 03fOrifice.h; sourceTree = "<group>"; };
		E8B15531251BD35600808CE9 /* 03fOrifice.c */ = {isa = PBXFileReference; lastKnownFileType = sourcecode.c.c; path = 03fOrifice.c; sourceTree = "<group>"; };
		E8B15534251BDB0400808CE9 /* 03gRotameter.h */ = {isa = PBXFileReference; lastKnownFileType = sourcecode.c.h; path = 03gRotameter.h; sourceTree = "<group>"; };
		E8B15535251BDB0400808CE9 /* 03gRotameter.c */ = {isa = PBXFileReference; lastKnownFileType = sourcecode.c.c; path = 03gRotameter.c; sourceTree = "<group>"; };
		E8B15538251BE02800808CE9 /* 04bPumpSizing.h */ = {isa = PBXFileReference; lastKnownFileType = sourcecode.c.h; path = 04bPumpSizing.h; sourceTree = "<group>"; };
		E8B15539251BE02800808CE9 /* 04bPumpSizing.c */ = {isa = PBXFileReference; lastKnownFileType = sourcecode.c.c; path = 04bPumpSizing.c; sourceTree = "<group>"; };
		E8B1553D251BE6BF00808CE9 /* 02aMassCon.h */ = {isa = PBXFileReference; fileEncoding = 4; lastKnownFileType = sourcecode.c.h; path = 02aMassCon.h; sourceTree = "<group>"; };
		E8B2ED80253084AB00AA3C54 /* 03aFrictFactor.h */ = {isa = PBXFileReference; lastKnownFileType = sourcecode.c.h; path = 03aFrictFactor.h; sourceTree = "<group>"; };
		E8B2ED81253084AB00AA3C54 /* 03aFrictFactor.c */ = {isa = PBXFileReference; lastKnownFileType = sourcecode.c.c; path = 03aFrictFactor.c; sourceTree = "<group>"; };
		E8B667532530C1E200D1ADB8 /* 03bGenPressureLoss.h */ = {isa = PBXFileReference; lastKnownFileType = sourcecode.c.h; path = 03bGenPressureLoss.h; sourceTree = "<group>"; };
		E8B667542530C1E200D1ADB8 /* 03bGenPressureLoss.c */ = {isa = PBXFileReference; lastKnownFileType = sourcecode.c.c; path = 03bGenPressureLoss.c; sourceTree = "<group>"; };
		E8B667582530D29000D1ADB8 /* 03daoneK.h */ = {isa = PBXFileReference; lastKnownFileType = sourcecode.c.h; path = 03daoneK.h; sourceTree = "<group>"; };
		E8B667592530D29000D1ADB8 /* 03daoneK.c */ = {isa = PBXFileReference; lastKnownFileType = sourcecode.c.c; path = 03daoneK.c; sourceTree = "<group>"; };
		E8B8519D250E418500B72538 /* 01dSurfTens.h */ = {isa = PBXFileReference; lastKnownFileType = sourcecode.c.h; path = 01dSurfTens.h; sourceTree = "<group>"; };
		E8B8519E250E418500B72538 /* 01dSurfTens.c */ = {isa = PBXFileReference; lastKnownFileType = sourcecode.c.c; path = 01dSurfTens.c; sourceTree = "<group>"; };
		E8B851A0250E4C7100B72538 /* 01eBubPres.h */ = {isa = PBXFileReference; lastKnownFileType = sourcecode.c.h; path = 01eBubPres.h; sourceTree = "<group>"; };
		E8B851A1250E4C7100B72538 /* 01eBubPres.c */ = {isa = PBXFileReference; lastKnownFileType = sourcecode.c.c; path = 01eBubPres.c; sourceTree = "<group>"; };
		E8B851A3250E51CC00B72538 /* 01fCapp.h */ = {isa = PBXFileReference; lastKnownFileType = sourcecode.c.h; path = 01fCapp.h; sourceTree = "<group>"; };
		E8B851A4250E51CC00B72538 /* 01fCapp.c */ = {isa = PBXFileReference; lastKnownFileType = sourcecode.c.c; path = 01fCapp.c; sourceTree = "<group>"; };
		E8B851A7250E609B00B72538 /* 02aMassCon.c */ = {isa = PBXFileReference; lastKnownFileType = sourcecode.c.c; path = 02aMassCon.c; sourceTree = "<group>"; };
		E8B851A9250FA11C00B72538 /* 02bEnerCon.h */ = {isa = PBXFileReference; lastKnownFileType = sourcecode.c.h; path = 02bEnerCon.h; sourceTree = "<group>"; };
		E8B851AA250FA11C00B72538 /* 02bEnerCon.c */ = {isa = PBXFileReference; lastKnownFileType = sourcecode.c.c; path = 02bEnerCon.c; sourceTree = "<group>"; };
		E8B851AC250FAA8000B72538 /* 02cBernEqn.h */ = {isa = PBXFileReference; lastKnownFileType = sourcecode.c.h; path = 02cBernEqn.h; sourceTree = "<group>"; };
		E8B851AD250FAA8000B72538 /* 02cBernEqn.c */ = {isa = PBXFileReference; lastKnownFileType = sourcecode.c.c; path = 02cBernEqn.c; sourceTree = "<group>"; };
		E8B851AF250FB53400B72538 /* 02dReyNo.h */ = {isa = PBXFileReference; lastKnownFileType = sourcecode.c.h; path = 02dReyNo.h; sourceTree = "<group>"; };
		E8B851B0250FB53400B72538 /* 02dReyNo.c */ = {isa = PBXFileReference; lastKnownFileType = sourcecode.c.c; path = 02dReyNo.c; sourceTree = "<group>"; };
		E8B851B2250FBC0900B72538 /* 02fViscCorr.h */ = {isa = PBXFileReference; lastKnownFileType = sourcecode.c.h; path = 02fViscCorr.h; sourceTree = "<group>"; };
		E8B851B3250FBC0900B72538 /* 02fViscCorr.c */ = {isa = PBXFileReference; lastKnownFileType = sourcecode.c.c; path = 02fViscCorr.c; sourceTree = "<group>"; };
		E8C4342B252F713C00662F7C /* 01aPolytropic.h */ = {isa = PBXFileReference; lastKnownFileType = sourcecode.c.h; path = 01aPolytropic.h; sourceTree = "<group>"; };
		E8C4342C252F713C00662F7C /* 01aPolytropic.c */ = {isa = PBXFileReference; lastKnownFileType = sourcecode.c.c; path = 01aPolytropic.c; sourceTree = "<group>"; };
		E8C43430252F926700662F7C /* 01bIsothermal.h */ = {isa = PBXFileReference; lastKnownFileType = sourcecode.c.h; path = 01bIsothermal.h; sourceTree = "<group>"; };
		E8C43431252F926700662F7C /* 01bIsothermal.c */ = {isa = PBXFileReference; lastKnownFileType = sourcecode.c.c; path = 01bIsothermal.c; sourceTree = "<group>"; };
		E8C43435252FA10900662F7C /* 01cIsobaric.h */ = {isa = PBXFileReference; lastKnownFileType = sourcecode.c.h; path = 01cIsobaric.h; sourceTree = "<group>"; };
		E8C43436252FA10900662F7C /* 01cIsobaric.c */ = {isa = PBXFileReference; lastKnownFileType = sourcecode.c.c; path = 01cIsobaric.c; sourceTree = "<group>"; };
		E8C4343A252FAE1500662F7C /* 01dIsochoric.h */ = {isa = PBXFileReference; lastKnownFileType = sourcecode.c.h; path = 01dIsochoric.h; sourceTree = "<group>"; };
		E8C4343B252FAE1500662F7C /* 01dIsochoric.c */ = {isa = PBXFileReference; lastKnownFileType = sourcecode.c.c; path = 01dIsochoric.c; sourceTree = "<group>"; };
		E8FEA5FD24ECDAE9003F9D5E /* Process Model (Cross-Platform) */ = {isa = PBXFileReference; explicitFileType = "compiled.mach-o.executable"; includeInIndex = 0; path = "Process Model (Cross-Platform)"; sourceTree = BUILT_PRODUCTS_DIR; };
		E8FEA60A24ECDBE0003F9D5E /* IdealGasLaw.c */ = {isa = PBXFileReference; fileEncoding = 4; lastKnownFileType = sourcecode.c.c; path = IdealGasLaw.c; sourceTree = "<group>"; };
		E8FEA60B24ECDBE0003F9D5E /* IdealGasLaw.h */ = {isa = PBXFileReference; fileEncoding = 4; lastKnownFileType = sourcecode.c.h; path = IdealGasLaw.h; sourceTree = "<group>"; };
		E8FEA60E24ECDBE0003F9D5E /* Year4.c */ = {isa = PBXFileReference; fileEncoding = 4; lastKnownFileType = sourcecode.c.c; path = Year4.c; sourceTree = "<group>"; };
		E8FEA61624ECDBE0003F9D5E /* Year3.c */ = {isa = PBXFileReference; fileEncoding = 4; lastKnownFileType = sourcecode.c.c; path = Year3.c; sourceTree = "<group>"; };
		E8FEA62124ECDBE0003F9D5E /* Year2.c */ = {isa = PBXFileReference; fileEncoding = 4; lastKnownFileType = sourcecode.c.c; path = Year2.c; sourceTree = "<group>"; };
		E8FEA62824ECDBE0003F9D5E /* B48BCMenu.h */ = {isa = PBXFileReference; fileEncoding = 4; lastKnownFileType = sourcecode.c.h; path = B48BCMenu.h; sourceTree = "<group>"; };
		E8FEA62924ECDBE0003F9D5E /* B48BC.c */ = {isa = PBXFileReference; fileEncoding = 4; lastKnownFileType = sourcecode.c.c; path = B48BC.c; sourceTree = "<group>"; };
		E8FEA62D24ECDBE0003F9D5E /* B48BC_T1.h */ = {isa = PBXFileReference; fileEncoding = 4; lastKnownFileType = sourcecode.c.h; path = B48BC_T1.h; sourceTree = "<group>"; };
		E8FEA63724ECDBE0003F9D5E /* Courses.h */ = {isa = PBXFileReference; fileEncoding = 4; lastKnownFileType = sourcecode.c.h; path = Courses.h; sourceTree = "<group>"; };
		E8FEA64124ECDBE0003F9D5E /* Year1.c */ = {isa = PBXFileReference; fileEncoding = 4; lastKnownFileType = sourcecode.c.c; path = Year1.c; sourceTree = "<group>"; };
		E8FEA64224ECDBE1003F9D5E /* main.c */ = {isa = PBXFileReference; fileEncoding = 4; lastKnownFileType = sourcecode.c.c; path = main.c; sourceTree = "<group>"; };
		E8FEA64524ECDBE1003F9D5E /* README.md */ = {isa = PBXFileReference; fileEncoding = 4; lastKnownFileType = net.daringfireball.markdown; path = README.md; sourceTree = "<group>"; };
		E8FEA64824ECDBE2003F9D5E /* main.h */ = {isa = PBXFileReference; fileEncoding = 4; lastKnownFileType = sourcecode.c.h; path = main.h; sourceTree = "<group>"; };
		E8FEA65424ED6802003F9D5E /* B48BBMenu.h */ = {isa = PBXFileReference; lastKnownFileType = sourcecode.c.h; path = B48BBMenu.h; sourceTree = "<group>"; };
		E8FEA65524ED6802003F9D5E /* B48BB.c */ = {isa = PBXFileReference; lastKnownFileType = sourcecode.c.c; path = B48BB.c; sourceTree = "<group>"; };
		E8FEA65C24ED6A86003F9D5E /* B48BB_T1.h */ = {isa = PBXFileReference; lastKnownFileType = sourcecode.c.h; path = B48BB_T1.h; sourceTree = "<group>"; };
		E8FEA65D24ED8D8F003F9D5E /* B48BB_T2.h */ = {isa = PBXFileReference; lastKnownFileType = sourcecode.c.h; path = B48BB_T2.h; sourceTree = "<group>"; };
		E8FEA65E24ED8DA4003F9D5E /* B48BB_T3.h */ = {isa = PBXFileReference; lastKnownFileType = sourcecode.c.h; path = B48BB_T3.h; sourceTree = "<group>"; };
		E8FEA65F24ED8DB1003F9D5E /* B48BB_T4.h */ = {isa = PBXFileReference; lastKnownFileType = sourcecode.c.h; path = B48BB_T4.h; sourceTree = "<group>"; };
		E8FEA66024ED8DBC003F9D5E /* B48BB_T5.h */ = {isa = PBXFileReference; lastKnownFileType = sourcecode.c.h; path = B48BB_T5.h; sourceTree = "<group>"; };
/* End PBXFileReference section */

/* Begin PBXFrameworksBuildPhase section */
		E8FEA5FA24ECDAE9003F9D5E /* Frameworks */ = {
			isa = PBXFrameworksBuildPhase;
			buildActionMask = 2147483647;
			files = (
			);
			runOnlyForDeploymentPostprocessing = 0;
		};
/* End PBXFrameworksBuildPhase section */

/* Begin PBXGroup section */
		E8FEA5F424ECDAE9003F9D5E = {
			isa = PBXGroup;
			children = (
				E8FEA5FF24ECDAE9003F9D5E /* Process Model (Cross-Platform) */,
				E8FEA5FE24ECDAE9003F9D5E /* Products */,
			);
			sourceTree = "<group>";
		};
		E8FEA5FE24ECDAE9003F9D5E /* Products */ = {
			isa = PBXGroup;
			children = (
				E8FEA5FD24ECDAE9003F9D5E /* Process Model (Cross-Platform) */,
			);
			name = Products;
			sourceTree = "<group>";
		};
		E8FEA5FF24ECDAE9003F9D5E /* Process Model (Cross-Platform) */ = {
			isa = PBXGroup;
			children = (
				E8FEA60824ECDBE0003F9D5E /* Course Material */,
				E8FEA64324ECDBE1003F9D5E /* Dynamic Process Simulation */,
				E8FEA64724ECDBE1003F9D5E /* Major Unit Operations */,
				E8FEA64424ECDBE1003F9D5E /* Minor Unit Operations */,
				E8FEA64624ECDBE1003F9D5E /* Thermophysical Properties */,
				E8FEA64224ECDBE1003F9D5E /* main.c */,
				E8FEA64824ECDBE2003F9D5E /* main.h */,
				E8FEA64524ECDBE1003F9D5E /* README.md */,
			);
			path = "Process Model (Cross-Platform)";
			sourceTree = "<group>";
		};
		E8FEA60824ECDBE0003F9D5E /* Course Material */ = {
			isa = PBXGroup;
			children = (
				E8FEA60924ECDBE0003F9D5E /* Common subroutines */,
				E8FEA63824ECDBE0003F9D5E /* Year 1 */,
				E8FEA61D24ECDBE0003F9D5E /* Year 2 */,
				E8FEA61324ECDBE0003F9D5E /* Year 3 */,
				E8FEA60C24ECDBE0003F9D5E /* Year 4 */,
				E8FEA63724ECDBE0003F9D5E /* Courses.h */,
			);
			path = "Course Material";
			sourceTree = "<group>";
		};
		E8FEA60924ECDBE0003F9D5E /* Common subroutines */ = {
			isa = PBXGroup;
			children = (
				E8FEA60A24ECDBE0003F9D5E /* IdealGasLaw.c */,
				E8FEA60B24ECDBE0003F9D5E /* IdealGasLaw.h */,
			);
			path = "Common subroutines";
			sourceTree = "<group>";
		};
		E8FEA60C24ECDBE0003F9D5E /* Year 4 */ = {
			isa = PBXGroup;
			children = (
				E8FEA61224ECDBE0003F9D5E /* 1. B40DB - Sustainability, Health and Safety */,
				E8FEA61024ECDBE0003F9D5E /* 2. B40EA - Unit Operations A */,
				E8FEA60D24ECDBE0003F9D5E /* 3. B40DC - Energy Generation and Utilisation */,
				E8FEA60F24ECDBE0003F9D5E /* 4. B41OA - Oil and Gas Processing */,
				E8FEA61124ECDBE0003F9D5E /* 5. B40DD - Reaction Engineering B */,
				E8FEA60E24ECDBE0003F9D5E /* Year4.c */,
			);
			path = "Year 4";
			sourceTree = "<group>";
		};
		E8FEA60D24ECDBE0003F9D5E /* 3. B40DC - Energy Generation and Utilisation */ = {
			isa = PBXGroup;
			children = (
			);
			path = "3. B40DC - Energy Generation and Utilisation";
			sourceTree = "<group>";
		};
		E8FEA60F24ECDBE0003F9D5E /* 4. B41OA - Oil and Gas Processing */ = {
			isa = PBXGroup;
			children = (
			);
			path = "4. B41OA - Oil and Gas Processing";
			sourceTree = "<group>";
		};
		E8FEA61024ECDBE0003F9D5E /* 2. B40EA - Unit Operations A */ = {
			isa = PBXGroup;
			children = (
			);
			path = "2. B40EA - Unit Operations A";
			sourceTree = "<group>";
		};
		E8FEA61124ECDBE0003F9D5E /* 5. B40DD - Reaction Engineering B */ = {
			isa = PBXGroup;
			children = (
			);
			path = "5. B40DD - Reaction Engineering B";
			sourceTree = "<group>";
		};
		E8FEA61224ECDBE0003F9D5E /* 1. B40DB - Sustainability, Health and Safety */ = {
			isa = PBXGroup;
			children = (
			);
			path = "1. B40DB - Sustainability, Health and Safety";
			sourceTree = "<group>";
		};
		E8FEA61324ECDBE0003F9D5E /* Year 3 */ = {
			isa = PBXGroup;
			children = (
				E8FEA61824ECDBE0003F9D5E /* 1. B18OA - Organic Structural Identification, Stereochemistry and Reaction Mechanisms */,
				E8FEA61C24ECDBE0003F9D5E /* 2. B48CA - Separation Processes A */,
				E8FEA61A24ECDBE0003F9D5E /* 3. B49CB - Business Awareness, Safety and Sustainability */,
				E8FEA61924ECDBE0003F9D5E /* 4. F49CC - Chemical Reaction Engineering A */,
				E8FEA61B24ECDBE0003F9D5E /* 5. B18OB - Synthesis in Organic Chemistry */,
				E8FEA61424ECDBE0003F9D5E /* 6. B48CB - Separation Processes B */,
				E8FEA61524ECDBE0003F9D5E /* 7. B49CE - Multiphase Thermodynamics */,
				E8FEA61724ECDBE0003F9D5E /* 8. B49CF - Process Modelling and Control */,
				E8FEA61624ECDBE0003F9D5E /* Year3.c */,
			);
			path = "Year 3";
			sourceTree = "<group>";
		};
		E8FEA61424ECDBE0003F9D5E /* 6. B48CB - Separation Processes B */ = {
			isa = PBXGroup;
			children = (
			);
			path = "6. B48CB - Separation Processes B";
			sourceTree = "<group>";
		};
		E8FEA61524ECDBE0003F9D5E /* 7. B49CE - Multiphase Thermodynamics */ = {
			isa = PBXGroup;
			children = (
			);
			path = "7. B49CE - Multiphase Thermodynamics";
			sourceTree = "<group>";
		};
		E8FEA61724ECDBE0003F9D5E /* 8. B49CF - Process Modelling and Control */ = {
			isa = PBXGroup;
			children = (
			);
			path = "8. B49CF - Process Modelling and Control";
			sourceTree = "<group>";
		};
		E8FEA61824ECDBE0003F9D5E /* 1. B18OA - Organic Structural Identification, Stereochemistry and Reaction Mechanisms */ = {
			isa = PBXGroup;
			children = (
			);
			path = "1. B18OA - Organic Structural Identification, Stereochemistry and Reaction Mechanisms";
			sourceTree = "<group>";
		};
		E8FEA61924ECDBE0003F9D5E /* 4. F49CC - Chemical Reaction Engineering A */ = {
			isa = PBXGroup;
			children = (
			);
			path = "4. F49CC - Chemical Reaction Engineering A";
			sourceTree = "<group>";
		};
		E8FEA61A24ECDBE0003F9D5E /* 3. B49CB - Business Awareness, Safety and Sustainability */ = {
			isa = PBXGroup;
			children = (
			);
			path = "3. B49CB - Business Awareness, Safety and Sustainability";
			sourceTree = "<group>";
		};
		E8FEA61B24ECDBE0003F9D5E /* 5. B18OB - Synthesis in Organic Chemistry */ = {
			isa = PBXGroup;
			children = (
			);
			path = "5. B18OB - Synthesis in Organic Chemistry";
			sourceTree = "<group>";
		};
		E8FEA61C24ECDBE0003F9D5E /* 2. B48CA - Separation Processes A */ = {
			isa = PBXGroup;
			children = (
			);
			path = "2. B48CA - Separation Processes A";
			sourceTree = "<group>";
		};
		E8FEA61D24ECDBE0003F9D5E /* Year 2 */ = {
			isa = PBXGroup;
			children = (
				E8FEA61F24ECDBE0003F9D5E /* 1. B18AP - Chemical Thermodynamics and Introductory Chemical Kinetics for Chemical Engineers */,
				E8FEA63524ECDBE0003F9D5E /* 2. B48BA - Process Industries C */,
				E8FEA63624ECDBE0003F9D5E /* 3. B48BB - Process Engineering A (Fluid Statics and Dynamics) */,
				E8FEA61E24ECDBE0003F9D5E /* 4. F18XC - Mathematics for Engineers and Scientists 3 */,
				E8FEA62324ECDBE0003F9D5E /* 5. B48BC - Process Engineering B (Thermodynamic Processes) */,
				E8FEA62024ECDBE0003F9D5E /* 6. B48BD - Process Engineering C (Heat Transfer) */,
				E8FEA62224ECDBE0003F9D5E /* 7. F18XD - Mathematics for Engineers and Scientists 4 */,
				E8FEA62124ECDBE0003F9D5E /* Year2.c */,
			);
			path = "Year 2";
			sourceTree = "<group>";
		};
		E8FEA61E24ECDBE0003F9D5E /* 4. F18XC - Mathematics for Engineers and Scientists 3 */ = {
			isa = PBXGroup;
			children = (
			);
			path = "4. F18XC - Mathematics for Engineers and Scientists 3";
			sourceTree = "<group>";
		};
		E8FEA61F24ECDBE0003F9D5E /* 1. B18AP - Chemical Thermodynamics and Introductory Chemical Kinetics for Chemical Engineers */ = {
			isa = PBXGroup;
			children = (
			);
			path = "1. B18AP - Chemical Thermodynamics and Introductory Chemical Kinetics for Chemical Engineers";
			sourceTree = "<group>";
		};
		E8FEA62024ECDBE0003F9D5E /* 6. B48BD - Process Engineering C (Heat Transfer) */ = {
			isa = PBXGroup;
			children = (
			);
			path = "6. B48BD - Process Engineering C (Heat Transfer)";
			sourceTree = "<group>";
		};
		E8FEA62224ECDBE0003F9D5E /* 7. F18XD - Mathematics for Engineers and Scientists 4 */ = {
			isa = PBXGroup;
			children = (
			);
			path = "7. F18XD - Mathematics for Engineers and Scientists 4";
			sourceTree = "<group>";
		};
		E8FEA62324ECDBE0003F9D5E /* 5. B48BC - Process Engineering B (Thermodynamic Processes) */ = {
			isa = PBXGroup;
			children = (
				E8FEA62A24ECDBE0003F9D5E /* Topic 1 */,
				E8FEA62724ECDBE0003F9D5E /* Topic 2 */,
				E8FEA62424ECDBE0003F9D5E /* Topic 3 */,
				E8FEA62524ECDBE0003F9D5E /* Topic 4 */,
				E8FEA62624ECDBE0003F9D5E /* Topic 5 */,
				E8FEA63424ECDBE0003F9D5E /* Topic 6 */,
				E8FEA62924ECDBE0003F9D5E /* B48BC.c */,
				E8FEA62824ECDBE0003F9D5E /* B48BCMenu.h */,
			);
			path = "5. B48BC - Process Engineering B (Thermodynamic Processes)";
			sourceTree = "<group>";
		};
		E8FEA62424ECDBE0003F9D5E /* Topic 3 */ = {
			isa = PBXGroup;
			children = (
			);
			path = "Topic 3";
			sourceTree = "<group>";
		};
		E8FEA62524ECDBE0003F9D5E /* Topic 4 */ = {
			isa = PBXGroup;
			children = (
			);
			path = "Topic 4";
			sourceTree = "<group>";
		};
		E8FEA62624ECDBE0003F9D5E /* Topic 5 */ = {
			isa = PBXGroup;
			children = (
			);
			path = "Topic 5";
			sourceTree = "<group>";
		};
		E8FEA62724ECDBE0003F9D5E /* Topic 2 */ = {
			isa = PBXGroup;
			children = (
				E8352311253B452A00B0969A /* B48BC_T2.h */,
				E8352313253B54C700B0969A /* 02aCompressor.h */,
				E8352314253B54C700B0969A /* 02aCompressor.c */,
				E8352317253B54DC00B0969A /* 02bPolyShaftWork.h */,
				E8352318253B54DC00B0969A /* 02bPolyShaftWork.c */,
				E835231B253B54F100B0969A /* 02cOpenFirstLaw.h */,
				E835231C253B54F100B0969A /* 02cOpenFirstLaw.c */,
			);
			path = "Topic 2";
			sourceTree = "<group>";
		};
		E8FEA62A24ECDBE0003F9D5E /* Topic 1 */ = {
			isa = PBXGroup;
			children = (
				E8C4342C252F713C00662F7C /* 01aPolytropic.c */,
				E8C4342B252F713C00662F7C /* 01aPolytropic.h */,
				E8C43431252F926700662F7C /* 01bIsothermal.c */,
				E8C43430252F926700662F7C /* 01bIsothermal.h */,
				E8C43436252FA10900662F7C /* 01cIsobaric.c */,
				E8C43435252FA10900662F7C /* 01cIsobaric.h */,
				E8C4343B252FAE1500662F7C /* 01dIsochoric.c */,
				E8C4343A252FAE1500662F7C /* 01dIsochoric.h */,
				E8664D88252DE45B00022E45 /* 01eAdiabatic.c */,
				E8664D87252DE45B00022E45 /* 01eAdiabatic.h */,
				E8FEA62D24ECDBE0003F9D5E /* B48BC_T1.h */,
			);
			path = "Topic 1";
			sourceTree = "<group>";
		};
		E8FEA63424ECDBE0003F9D5E /* Topic 6 */ = {
			isa = PBXGroup;
			children = (
			);
			path = "Topic 6";
			sourceTree = "<group>";
		};
		E8FEA63524ECDBE0003F9D5E /* 2. B48BA - Process Industries C */ = {
			isa = PBXGroup;
			children = (
			);
			path = "2. B48BA - Process Industries C";
			sourceTree = "<group>";
		};
		E8FEA63624ECDBE0003F9D5E /* 3. B48BB - Process Engineering A (Fluid Statics and Dynamics) */ = {
			isa = PBXGroup;
			children = (
				E8FEA65B24ED687C003F9D5E /* Topic 1 */,
				E8FEA65A24ED6876003F9D5E /* Topic 2 */,
				E8FEA65924ED686F003F9D5E /* Topic 3 */,
				E8FEA65824ED6861003F9D5E /* Topic 4 */,
				E8FEA65724ED6858003F9D5E /* Topic 5 */,
				E8FEA65424ED6802003F9D5E /* B48BBMenu.h */,
				E8FEA65524ED6802003F9D5E /* B48BB.c */,
			);
			path = "3. B48BB - Process Engineering A (Fluid Statics and Dynamics)";
			sourceTree = "<group>";
		};
		E8FEA63824ECDBE0003F9D5E /* Year 1 */ = {
			isa = PBXGroup;
			children = (
				E8FEA63B24ECDBE0003F9D5E /* 1. B17CA - Principles of Chemistry */,
				E8FEA63F24ECDBE0003F9D5E /* 2. B47AA - Process Industries A */,
				E8FEA63924ECDBE0003F9D5E /* 3. B47AC - Foundation Engineering A (Physics) */,
				E8FEA63E24ECDBE0003F9D5E /* 4. F17XA - Mathematics for Engineers and Scientists 1 */,
				E8FEA63A24ECDBE0003F9D5E /* 5. B17BC - Chemical Reactivity */,
				E8FEA64024ECDBE0003F9D5E /* 6. B47AB - Process Industries B */,
				E8FEA63C24ECDBE0003F9D5E /* 7. B47AD - Foundation Engineering B (Biology) */,
				E8FEA63D24ECDBE0003F9D5E /* 8. F17XB - Mathematics for Engineers and Scientists 2 */,
				E8FEA64124ECDBE0003F9D5E /* Year1.c */,
			);
			path = "Year 1";
			sourceTree = "<group>";
		};
		E8FEA63924ECDBE0003F9D5E /* 3. B47AC - Foundation Engineering A (Physics) */ = {
			isa = PBXGroup;
			children = (
			);
			path = "3. B47AC - Foundation Engineering A (Physics)";
			sourceTree = "<group>";
		};
		E8FEA63A24ECDBE0003F9D5E /* 5. B17BC - Chemical Reactivity */ = {
			isa = PBXGroup;
			children = (
			);
			path = "5. B17BC - Chemical Reactivity";
			sourceTree = "<group>";
		};
		E8FEA63B24ECDBE0003F9D5E /* 1. B17CA - Principles of Chemistry */ = {
			isa = PBXGroup;
			children = (
			);
			path = "1. B17CA - Principles of Chemistry";
			sourceTree = "<group>";
		};
		E8FEA63C24ECDBE0003F9D5E /* 7. B47AD - Foundation Engineering B (Biology) */ = {
			isa = PBXGroup;
			children = (
			);
			path = "7. B47AD - Foundation Engineering B (Biology)";
			sourceTree = "<group>";
		};
		E8FEA63D24ECDBE0003F9D5E /* 8. F17XB - Mathematics for Engineers and Scientists 2 */ = {
			isa = PBXGroup;
			children = (
			);
			path = "8. F17XB - Mathematics for Engineers and Scientists 2";
			sourceTree = "<group>";
		};
		E8FEA63E24ECDBE0003F9D5E /* 4. F17XA - Mathematics for Engineers and Scientists 1 */ = {
			isa = PBXGroup;
			children = (
			);
			path = "4. F17XA - Mathematics for Engineers and Scientists 1";
			sourceTree = "<group>";
		};
		E8FEA63F24ECDBE0003F9D5E /* 2. B47AA - Process Industries A */ = {
			isa = PBXGroup;
			children = (
			);
			path = "2. B47AA - Process Industries A";
			sourceTree = "<group>";
		};
		E8FEA64024ECDBE0003F9D5E /* 6. B47AB - Process Industries B */ = {
			isa = PBXGroup;
			children = (
			);
			path = "6. B47AB - Process Industries B";
			sourceTree = "<group>";
		};
		E8FEA64324ECDBE1003F9D5E /* Dynamic Process Simulation */ = {
			isa = PBXGroup;
			children = (
			);
			path = "Dynamic Process Simulation";
			sourceTree = "<group>";
		};
		E8FEA64424ECDBE1003F9D5E /* Minor Unit Operations */ = {
			isa = PBXGroup;
			children = (
			);
			path = "Minor Unit Operations";
			sourceTree = "<group>";
		};
		E8FEA64624ECDBE1003F9D5E /* Thermophysical Properties */ = {
			isa = PBXGroup;
			children = (
			);
			path = "Thermophysical Properties";
			sourceTree = "<group>";
		};
		E8FEA64724ECDBE1003F9D5E /* Major Unit Operations */ = {
			isa = PBXGroup;
			children = (
			);
			path = "Major Unit Operations";
			sourceTree = "<group>";
		};
		E8FEA65724ED6858003F9D5E /* Topic 5 */ = {
			isa = PBXGroup;
			children = (
				E8FEA66024ED8DBC003F9D5E /* B48BB_T5.h */,
			);
			path = "Topic 5";
			sourceTree = "<group>";
		};
		E8FEA65824ED6861003F9D5E /* Topic 4 */ = {
			isa = PBXGroup;
			children = (
				E8FEA65F24ED8DB1003F9D5E /* B48BB_T4.h */,
				E8B15538251BE02800808CE9 /* 04bPumpSizing.h */,
				E8B15539251BE02800808CE9 /* 04bPumpSizing.c */,
			);
			path = "Topic 4";
			sourceTree = "<group>";
		};
		E8FEA65924ED686F003F9D5E /* Topic 3 */ = {
			isa = PBXGroup;
			children = (
				E8B2ED81253084AB00AA3C54 /* 03aFrictFactor.c */,
				E8B2ED80253084AB00AA3C54 /* 03aFrictFactor.h */,
				E8B667542530C1E200D1ADB8 /* 03bGenPressureLoss.c */,
				E8B667532530C1E200D1ADB8 /* 03bGenPressureLoss.h */,
				E8B15517251BB71400808CE9 /* 03cHydrDiam.c */,
				E8B15516251BB71400808CE9 /* 03cHydrDiam.h */,
				E8B1551B251BBC5600808CE9 /* 03d1Fittings.c */,
				E8B667592530D29000D1ADB8 /* 03daoneK.c */,
				E8B667582530D29000D1ADB8 /* 03daoneK.h */,
				E8B15525251BC0CE00808CE9 /* 03dbthreeK.c */,
				E8B15524251BC0CE00808CE9 /* 03dbthreeK.h */,
				E8B15529251BC7E400808CE9 /* 03dcEquivLeng.c */,
				E8B15528251BC7E400808CE9 /* 03dcEquivLeng.h */,
				E8B1552D251BCD3000808CE9 /* 03ePitot.c */,
				E8B1552C251BCD3000808CE9 /* 03ePitot.h */,
				E8B15531251BD35600808CE9 /* 03fOrifice.c */,
				E8B15530251BD35600808CE9 /* 03fOrifice.h */,
				E8B15535251BDB0400808CE9 /* 03gRotameter.c */,
				E8B15534251BDB0400808CE9 /* 03gRotameter.h */,
				E8FEA65E24ED8DA4003F9D5E /* B48BB_T3.h */,
			);
			path = "Topic 3";
			sourceTree = "<group>";
		};
		E8FEA65A24ED6876003F9D5E /* Topic 2 */ = {
			isa = PBXGroup;
			children = (
				E8B851A7250E609B00B72538 /* 02aMassCon.c */,
				E8B1553D251BE6BF00808CE9 /* 02aMassCon.h */,
				E8B851AA250FA11C00B72538 /* 02bEnerCon.c */,
				E8B851A9250FA11C00B72538 /* 02bEnerCon.h */,
				E8B851AD250FAA8000B72538 /* 02cBernEqn.c */,
				E8B851AC250FAA8000B72538 /* 02cBernEqn.h */,
				E8B851B0250FB53400B72538 /* 02dReyNo.c */,
				E8B851AF250FB53400B72538 /* 02dReyNo.h */,
				E8B851B3250FBC0900B72538 /* 02fViscCorr.c */,
				E8B851B2250FBC0900B72538 /* 02fViscCorr.h */,
				E806F9E12518E14C003F3E78 /* 02g0VelProfileMenu.c */,
				E88C639F2535EFF500DA6722 /* 02g0VelProfileMenu.h */,
				E806F9E52518E39B003F3E78 /* 02g1LamVelPro.c */,
				E806F9E42518E39B003F3E78 /* 02g1LamVelPro.h */,
				E806F9EB251902C7003F3E78 /* 02g2TurVelPro.c */,
				E806F9EA251902C7003F3E78 /* 02g2TurVelPro.h */,
				E806F9EF251914A4003F3E78 /* 02hHagPois.c */,
				E806F9EE251914A4003F3E78 /* 02hHagPois.h */,
				E8FEA65D24ED8D8F003F9D5E /* B48BB_T2.h */,
			);
			path = "Topic 2";
			sourceTree = "<group>";
		};
		E8FEA65B24ED687C003F9D5E /* Topic 1 */ = {
			isa = PBXGroup;
			children = (
				E81002A624F553DE00E68A00 /* 01aFluComp.c */,
				E81002A524F553DD00E68A00 /* 01aFluComp.h */,
				E8304A1324FBB1F800D2B93B /* 01bFluidVHyd.c */,
				E8304A1224FBB1F800D2B93B /* 01bFluidVHyd.h */,
				E8304A1624FBB6AC00D2B93B /* 01cMano.c */,
				E8304A1524FBB6AC00D2B93B /* 01cMano.h */,
				E8B8519E250E418500B72538 /* 01dSurfTens.c */,
				E8B8519D250E418500B72538 /* 01dSurfTens.h */,
				E8B851A1250E4C7100B72538 /* 01eBubPres.c */,
				E8B851A0250E4C7100B72538 /* 01eBubPres.h */,
				E8B851A4250E51CC00B72538 /* 01fCapp.c */,
				E8B851A3250E51CC00B72538 /* 01fCapp.h */,
				E8FEA65C24ED6A86003F9D5E /* B48BB_T1.h */,
			);
			path = "Topic 1";
			sourceTree = "<group>";
		};
/* End PBXGroup section */

/* Begin PBXNativeTarget section */
		E8FEA5FC24ECDAE9003F9D5E /* Process Model (Cross-Platform) */ = {
			isa = PBXNativeTarget;
			buildConfigurationList = E8FEA60424ECDAE9003F9D5E /* Build configuration list for PBXNativeTarget "Process Model (Cross-Platform)" */;
			buildPhases = (
				E8FEA5F924ECDAE9003F9D5E /* Sources */,
				E8FEA5FA24ECDAE9003F9D5E /* Frameworks */,
				E8FEA5FB24ECDAE9003F9D5E /* CopyFiles */,
			);
			buildRules = (
			);
			dependencies = (
			);
			name = "Process Model (Cross-Platform)";
			productName = "Process Model (Cross-Platform)";
			productReference = E8FEA5FD24ECDAE9003F9D5E /* Process Model (Cross-Platform) */;
			productType = "com.apple.product-type.tool";
		};
/* End PBXNativeTarget section */

/* Begin PBXProject section */
		E8FEA5F524ECDAE9003F9D5E /* Project object */ = {
			isa = PBXProject;
			attributes = {
				LastUpgradeCheck = 1200;
				ORGANIZATIONNAME = "Matthew Cheung";
				TargetAttributes = {
					E8FEA5FC24ECDAE9003F9D5E = {
						CreatedOnToolsVersion = 11.6;
					};
				};
			};
			buildConfigurationList = E8FEA5F824ECDAE9003F9D5E /* Build configuration list for PBXProject "Process Model (Cross-Platform)" */;
			compatibilityVersion = "Xcode 9.3";
			developmentRegion = en;
			hasScannedForEncodings = 0;
			knownRegions = (
				en,
				Base,
			);
			mainGroup = E8FEA5F424ECDAE9003F9D5E;
			productRefGroup = E8FEA5FE24ECDAE9003F9D5E /* Products */;
			projectDirPath = "";
			projectRoot = "";
			targets = (
				E8FEA5FC24ECDAE9003F9D5E /* Process Model (Cross-Platform) */,
			);
		};
/* End PBXProject section */

/* Begin PBXSourcesBuildPhase section */
		E8FEA5F924ECDAE9003F9D5E /* Sources */ = {
			isa = PBXSourcesBuildPhase;
			buildActionMask = 2147483647;
			files = (
				E8B15585251BEBA900808CE9 /* B48BB.c in Sources */,
				E8B15583251BEBA000808CE9 /* B48BC.c in Sources */,
				E8B15579251BEB6700808CE9 /* 04bPumpSizing.c in Sources */,
				E8664D89252DE45B00022E45 /* 01eAdiabatic.c in Sources */,
				E8B15577251BEB5D00808CE9 /* 03gRotameter.c in Sources */,
				E8B2ED82253084AB00AA3C54 /* 03aFrictFactor.c in Sources */,
				E8B15575251BEB5700808CE9 /* 03fOrifice.c in Sources */,
				E8C4343C252FAE1500662F7C /* 01dIsochoric.c in Sources */,
				E8352315253B54C700B0969A /* 02aCompressor.c in Sources */,
				E8B15573251BEB5100808CE9 /* 03ePitot.c in Sources */,
				E8B15571251BEB4B00808CE9 /* 03dcEquivLeng.c in Sources */,
				E8B1556F251BEB4400808CE9 /* 03dbthreeK.c in Sources */,
				E8B1556D251BEB3E00808CE9 /* 03d1Fittings.c in Sources */,
				E8B667552530C1E200D1ADB8 /* 03bGenPressureLoss.c in Sources */,
				E8B1556B251BEB3800808CE9 /* 03cHydrDiam.c in Sources */,
				E8B15569251BEB2E00808CE9 /* 02hHagPois.c in Sources */,
				E8B15567251BEB2900808CE9 /* 02g2TurVelPro.c in Sources */,
				E8B15565251BEB2300808CE9 /* 02g1LamVelPro.c in Sources */,
				E8B15563251BEB1D00808CE9 /* 02g0VelProfileMenu.c in Sources */,
				E8C43437252FA10900662F7C /* 01cIsobaric.c in Sources */,
				E8352319253B54DC00B0969A /* 02bPolyShaftWork.c in Sources */,
				E8B15561251BEB1700808CE9 /* 02fViscCorr.c in Sources */,
				E8B1555F251BEB0900808CE9 /* 02dReyNo.c in Sources */,
				E8B1555D251BEB0300808CE9 /* 02cBernEqn.c in Sources */,
				E8B1555B251BEAFB00808CE9 /* 02bEnerCon.c in Sources */,
				E8B15559251BEAF500808CE9 /* 02aMassCon.c in Sources */,
				E8B6675A2530D29000D1ADB8 /* 03daoneK.c in Sources */,
				E835231D253B54F100B0969A /* 02cOpenFirstLaw.c in Sources */,
				E8B15557251BEAF000808CE9 /* 01fCapp.c in Sources */,
				E8B15555251BEAEC00808CE9 /* 01eBubPres.c in Sources */,
				E8B15553251BEAE700808CE9 /* 01dSurfTens.c in Sources */,
				E8B15551251BEAE200808CE9 /* 01cMano.c in Sources */,
				E8B1554F251BEADE00808CE9 /* 01bFluidVHyd.c in Sources */,
				E8B1554D251BEAD800808CE9 /* 01aFluComp.c in Sources */,
				E8B1554B251BEACF00808CE9 /* IdealGasLaw.c in Sources */,
				E8B15549251BEACA00808CE9 /* Year4.c in Sources */,
				E8C4342D252F713C00662F7C /* 01aPolytropic.c in Sources */,
				E8B15547251BEAC400808CE9 /* Year3.c in Sources */,
				E8B15545251BEABE00808CE9 /* Year2.c in Sources */,
				E8B15543251BEAB500808CE9 /* Year1.c in Sources */,
				E8B15541251BEA9500808CE9 /* main.c in Sources */,
				E8C43432252F926700662F7C /* 01bIsothermal.c in Sources */,
			);
			runOnlyForDeploymentPostprocessing = 0;
		};
/* End PBXSourcesBuildPhase section */

/* Begin XCBuildConfiguration section */
		E8FEA60224ECDAE9003F9D5E /* Debug */ = {
			isa = XCBuildConfiguration;
			buildSettings = {
				ALWAYS_SEARCH_USER_PATHS = NO;
				CLANG_ANALYZER_NONNULL = YES;
				CLANG_ANALYZER_NUMBER_OBJECT_CONVERSION = YES_AGGRESSIVE;
				CLANG_CXX_LANGUAGE_STANDARD = "gnu++14";
				CLANG_CXX_LIBRARY = "libc++";
				CLANG_ENABLE_MODULES = YES;
				CLANG_ENABLE_OBJC_ARC = YES;
				CLANG_ENABLE_OBJC_WEAK = YES;
				CLANG_WARN_BLOCK_CAPTURE_AUTORELEASING = YES;
				CLANG_WARN_BOOL_CONVERSION = YES;
				CLANG_WARN_COMMA = YES;
				CLANG_WARN_CONSTANT_CONVERSION = YES;
				CLANG_WARN_DEPRECATED_OBJC_IMPLEMENTATIONS = YES;
				CLANG_WARN_DIRECT_OBJC_ISA_USAGE = YES_ERROR;
				CLANG_WARN_DOCUMENTATION_COMMENTS = YES;
				CLANG_WARN_EMPTY_BODY = YES;
				CLANG_WARN_ENUM_CONVERSION = YES;
				CLANG_WARN_INFINITE_RECURSION = YES;
				CLANG_WARN_INT_CONVERSION = YES;
				CLANG_WARN_NON_LITERAL_NULL_CONVERSION = YES;
				CLANG_WARN_OBJC_IMPLICIT_RETAIN_SELF = YES;
				CLANG_WARN_OBJC_LITERAL_CONVERSION = YES;
				CLANG_WARN_OBJC_ROOT_CLASS = YES_ERROR;
				CLANG_WARN_QUOTED_INCLUDE_IN_FRAMEWORK_HEADER = YES;
				CLANG_WARN_RANGE_LOOP_ANALYSIS = YES;
				CLANG_WARN_STRICT_PROTOTYPES = YES;
				CLANG_WARN_SUSPICIOUS_MOVE = YES;
				CLANG_WARN_UNGUARDED_AVAILABILITY = YES_AGGRESSIVE;
				CLANG_WARN_UNREACHABLE_CODE = YES;
				CLANG_WARN__DUPLICATE_METHOD_MATCH = YES;
				COPY_PHASE_STRIP = NO;
				DEBUG_INFORMATION_FORMAT = dwarf;
				ENABLE_STRICT_OBJC_MSGSEND = YES;
				ENABLE_TESTABILITY = YES;
				GCC_C_LANGUAGE_STANDARD = gnu11;
				GCC_DYNAMIC_NO_PIC = NO;
				GCC_NO_COMMON_BLOCKS = NO;
				GCC_OPTIMIZATION_LEVEL = 0;
				GCC_PREPROCESSOR_DEFINITIONS = (
					"DEBUG=1",
					"$(inherited)",
				);
				GCC_WARN_64_TO_32_BIT_CONVERSION = YES;
				GCC_WARN_ABOUT_RETURN_TYPE = YES_ERROR;
				GCC_WARN_UNDECLARED_SELECTOR = YES;
				GCC_WARN_UNINITIALIZED_AUTOS = YES_AGGRESSIVE;
				GCC_WARN_UNUSED_FUNCTION = YES;
				GCC_WARN_UNUSED_VARIABLE = YES;
				MACOSX_DEPLOYMENT_TARGET = 10.15;
				MTL_ENABLE_DEBUG_INFO = INCLUDE_SOURCE;
				MTL_FAST_MATH = YES;
				ONLY_ACTIVE_ARCH = YES;
				SDKROOT = macosx;
			};
			name = Debug;
		};
		E8FEA60324ECDAE9003F9D5E /* Release */ = {
			isa = XCBuildConfiguration;
			buildSettings = {
				ALWAYS_SEARCH_USER_PATHS = NO;
				CLANG_ANALYZER_NONNULL = YES;
				CLANG_ANALYZER_NUMBER_OBJECT_CONVERSION = YES_AGGRESSIVE;
				CLANG_CXX_LANGUAGE_STANDARD = "gnu++14";
				CLANG_CXX_LIBRARY = "libc++";
				CLANG_ENABLE_MODULES = YES;
				CLANG_ENABLE_OBJC_ARC = YES;
				CLANG_ENABLE_OBJC_WEAK = YES;
				CLANG_WARN_BLOCK_CAPTURE_AUTORELEASING = YES;
				CLANG_WARN_BOOL_CONVERSION = YES;
				CLANG_WARN_COMMA = YES;
				CLANG_WARN_CONSTANT_CONVERSION = YES;
				CLANG_WARN_DEPRECATED_OBJC_IMPLEMENTATIONS = YES;
				CLANG_WARN_DIRECT_OBJC_ISA_USAGE = YES_ERROR;
				CLANG_WARN_DOCUMENTATION_COMMENTS = YES;
				CLANG_WARN_EMPTY_BODY = YES;
				CLANG_WARN_ENUM_CONVERSION = YES;
				CLANG_WARN_INFINITE_RECURSION = YES;
				CLANG_WARN_INT_CONVERSION = YES;
				CLANG_WARN_NON_LITERAL_NULL_CONVERSION = YES;
				CLANG_WARN_OBJC_IMPLICIT_RETAIN_SELF = YES;
				CLANG_WARN_OBJC_LITERAL_CONVERSION = YES;
				CLANG_WARN_OBJC_ROOT_CLASS = YES_ERROR;
				CLANG_WARN_QUOTED_INCLUDE_IN_FRAMEWORK_HEADER = YES;
				CLANG_WARN_RANGE_LOOP_ANALYSIS = YES;
				CLANG_WARN_STRICT_PROTOTYPES = YES;
				CLANG_WARN_SUSPICIOUS_MOVE = YES;
				CLANG_WARN_UNGUARDED_AVAILABILITY = YES_AGGRESSIVE;
				CLANG_WARN_UNREACHABLE_CODE = YES;
				CLANG_WARN__DUPLICATE_METHOD_MATCH = YES;
				COPY_PHASE_STRIP = NO;
				DEBUG_INFORMATION_FORMAT = "dwarf-with-dsym";
				ENABLE_NS_ASSERTIONS = NO;
				ENABLE_STRICT_OBJC_MSGSEND = YES;
				GCC_C_LANGUAGE_STANDARD = gnu11;
				GCC_DYNAMIC_NO_PIC = NO;
				GCC_NO_COMMON_BLOCKS = NO;
				GCC_WARN_64_TO_32_BIT_CONVERSION = YES;
				GCC_WARN_ABOUT_RETURN_TYPE = YES_ERROR;
				GCC_WARN_UNDECLARED_SELECTOR = YES;
				GCC_WARN_UNINITIALIZED_AUTOS = YES_AGGRESSIVE;
				GCC_WARN_UNUSED_FUNCTION = YES;
				GCC_WARN_UNUSED_VARIABLE = YES;
				MACOSX_DEPLOYMENT_TARGET = 10.15;
				MTL_ENABLE_DEBUG_INFO = NO;
				MTL_FAST_MATH = YES;
				SDKROOT = macosx;
			};
			name = Release;
		};
		E8FEA60524ECDAE9003F9D5E /* Debug */ = {
			isa = XCBuildConfiguration;
			buildSettings = {
				CODE_SIGN_IDENTITY = "-";
				CODE_SIGN_STYLE = Automatic;
				DEVELOPMENT_TEAM = W2R77NGC7T;
				ENABLE_HARDENED_RUNTIME = YES;
				GCC_C_LANGUAGE_STANDARD = gnu11;
				GCC_DYNAMIC_NO_PIC = NO;
				PRODUCT_NAME = "$(TARGET_NAME)";
			};
			name = Debug;
		};
		E8FEA60624ECDAE9003F9D5E /* Release */ = {
			isa = XCBuildConfiguration;
			buildSettings = {
				CODE_SIGN_IDENTITY = "-";
				CODE_SIGN_STYLE = Automatic;
				DEVELOPMENT_TEAM = W2R77NGC7T;
				ENABLE_HARDENED_RUNTIME = YES;
				GCC_C_LANGUAGE_STANDARD = gnu11;
				GCC_DYNAMIC_NO_PIC = NO;
				PRODUCT_NAME = "$(TARGET_NAME)";
			};
			name = Release;
		};
/* End XCBuildConfiguration section */

/* Begin XCConfigurationList section */
		E8FEA5F824ECDAE9003F9D5E /* Build configuration list for PBXProject "Process Model (Cross-Platform)" */ = {
			isa = XCConfigurationList;
			buildConfigurations = (
				E8FEA60224ECDAE9003F9D5E /* Debug */,
				E8FEA60324ECDAE9003F9D5E /* Release */,
			);
			defaultConfigurationIsVisible = 0;
			defaultConfigurationName = Release;
		};
		E8FEA60424ECDAE9003F9D5E /* Build configuration list for PBXNativeTarget "Process Model (Cross-Platform)" */ = {
			isa = XCConfigurationList;
			buildConfigurations = (
				E8FEA60524ECDAE9003F9D5E /* Debug */,
				E8FEA60624ECDAE9003F9D5E /* Release */,
			);
			defaultConfigurationIsVisible = 0;
			defaultConfigurationName = Release;
		};
/* End XCConfigurationList section */
	};
	rootObject = E8FEA5F524ECDAE9003F9D5E /* Project object */;
}
